PODS:
  - FMDB (2.0):
    - FMDB/standard
  - FMDB/common (2.0)
  - FMDB/standard (2.0):
    - FMDB/common
  - PKRevealController (1.0b2)

DEPENDENCIES:
  - FMDB
  - PKRevealController

SPEC CHECKSUMS:
  FMDB: 370eb54b9f057aa4de7cf9c757d103b21ee30ecc
  PKRevealController: 631e6a3db833a0c660203c2dba0963109549ec8a

COCOAPODS: 0.27.1
