// !$*UTF8*$!
{
	archiveVersion = 1;
	classes = {
	};
	objectVersion = 46;
	objects = {

/* Begin PBXBuildFile section */
		181A02E1182D226C0097208A /* Ramaneeya.ttf in Resources */ = {isa = PBXBuildFile; fileRef = 181A02E0182D226C0097208A /* Ramaneeya.ttf */; };
		18241D7418047D1B0019C34D /* Main.storyboard in Resources */ = {isa = PBXBuildFile; fileRef = 18241D7318047D1B0019C34D /* Main.storyboard */; };
		18241D7618047F770019C34D /* ft.satakam.database.sqlite in Resources */ = {isa = PBXBuildFile; fileRef = 18241D7518047F770019C34D /* ft.satakam.database.sqlite */; };
		185646D51846839100FF5FFE /* FTMenuTableViewCell.m in Sources */ = {isa = PBXBuildFile; fileRef = 185646D41846839100FF5FFE /* FTMenuTableViewCell.m */; };
		185646D81846843200FF5FFE /* FTConstants.m in Sources */ = {isa = PBXBuildFile; fileRef = 185646D71846843200FF5FFE /* FTConstants.m */; };
		187215FF182052CA0086CEBD /* Aadhi Bikshuvu.mp3 in Resources */ = {isa = PBXBuildFile; fileRef = 187215F5182052CA0086CEBD /* Aadhi Bikshuvu.mp3 */; };
		18721600182052CA0086CEBD /* Chandamaama Raave.mp3 in Resources */ = {isa = PBXBuildFile; fileRef = 187215F6182052CA0086CEBD /* Chandamaama Raave.mp3 */; };
		18721601182052CA0086CEBD /* Chinuku Chinuku.mp3 in Resources */ = {isa = PBXBuildFile; fileRef = 187215F7182052CA0086CEBD /* Chinuku Chinuku.mp3 */; };
		18721602182052CA0086CEBD /* Ee Gaali Ee Vela.mp3 in Resources */ = {isa = PBXBuildFile; fileRef = 187215F8182052CA0086CEBD /* Ee Gaali Ee Vela.mp3 */; };
		18721603182052CA0086CEBD /* Flute Music.mp3 in Resources */ = {isa = PBXBuildFile; fileRef = 187215F9182052CA0086CEBD /* Flute Music.mp3 */; };
		18721604182052CA0086CEBD /* Merise Thaaraladhi.mp3 in Resources */ = {isa = PBXBuildFile; fileRef = 187215FA182052CA0086CEBD /* Merise Thaaraladhi.mp3 */; };
		18721605182052CA0086CEBD /* Paatallo.mp3 in Resources */ = {isa = PBXBuildFile; fileRef = 187215FB182052CA0086CEBD /* Paatallo.mp3 */; };
		18721606182052CA0086CEBD /* Polimera Dhaatipothunna.mp3 in Resources */ = {isa = PBXBuildFile; fileRef = 187215FC182052CA0086CEBD /* Polimera Dhaatipothunna.mp3 */; };
		18721607182052CA0086CEBD /* Prakruthikanthaku.mp3 in Resources */ = {isa = PBXBuildFile; fileRef = 187215FD182052CA0086CEBD /* Prakruthikanthaku.mp3 */; };
		18721608182052CA0086CEBD /* Vidhaatha Thalapuna.mp3 in Resources */ = {isa = PBXBuildFile; fileRef = 187215FE182052CA0086CEBD /* Vidhaatha Thalapuna.mp3 */; };
		1872160B1820CC4F0086CEBD /* FTAudioManager.m in Sources */ = {isa = PBXBuildFile; fileRef = 1872160A1820CC4F0086CEBD /* FTAudioManager.m */; };
		18971A4A18018AFD003DA5B4 /* FTAppDelegate.m in Sources */ = {isa = PBXBuildFile; fileRef = 18971A3B18018AFD003DA5B4 /* FTAppDelegate.m */; };
		18971A4B18018AFD003DA5B4 /* FTDatabaseWrapper.m in Sources */ = {isa = PBXBuildFile; fileRef = 18971A3D18018AFD003DA5B4 /* FTDatabaseWrapper.m */; };
		18971A4C18018AFD003DA5B4 /* main.m in Sources */ = {isa = PBXBuildFile; fileRef = 18971A3F18018AFD003DA5B4 /* main.m */; };
		18971A4E18018AFD003DA5B4 /* FTMenuViewController.m in Sources */ = {isa = PBXBuildFile; fileRef = 18971A4418018AFD003DA5B4 /* FTMenuViewController.m */; };
		18971A4F18018AFD003DA5B4 /* FTPoemsViewController.m in Sources */ = {isa = PBXBuildFile; fileRef = 18971A4618018AFD003DA5B4 /* FTPoemsViewController.m */; };
		18971A5218018B0F003DA5B4 /* InfoPlist.strings in Resources */ = {isa = PBXBuildFile; fileRef = 18971A5118018B0F003DA5B4 /* InfoPlist.strings */; };
		18971A5518029027003DA5B4 /* FTPoem.m in Sources */ = {isa = PBXBuildFile; fileRef = 18971A5418029027003DA5B4 /* FTPoem.m */; };
		18971A5818029036003DA5B4 /* FTPoet.m in Sources */ = {isa = PBXBuildFile; fileRef = 18971A5718029036003DA5B4 /* FTPoet.m */; };
		18971A5B18029042003DA5B4 /* FTSatakam.m in Sources */ = {isa = PBXBuildFile; fileRef = 18971A5A18029042003DA5B4 /* FTSatakam.m */; };
		18ECA82317FCB16D00C930FE /* Foundation.framework in Frameworks */ = {isa = PBXBuildFile; fileRef = 18ECA82217FCB16D00C930FE /* Foundation.framework */; };
		18ECA82517FCB16D00C930FE /* CoreGraphics.framework in Frameworks */ = {isa = PBXBuildFile; fileRef = 18ECA82417FCB16D00C930FE /* CoreGraphics.framework */; };
		18ECA82717FCB16D00C930FE /* UIKit.framework in Frameworks */ = {isa = PBXBuildFile; fileRef = 18ECA82617FCB16D00C930FE /* UIKit.framework */; };
		18ECA83B17FCB16D00C930FE /* Images.xcassets in Resources */ = {isa = PBXBuildFile; fileRef = 18ECA83A17FCB16D00C930FE /* Images.xcassets */; };
		18ECA84217FCB16D00C930FE /* XCTest.framework in Frameworks */ = {isa = PBXBuildFile; fileRef = 18ECA84117FCB16D00C930FE /* XCTest.framework */; };
		18ECA84317FCB16D00C930FE /* Foundation.framework in Frameworks */ = {isa = PBXBuildFile; fileRef = 18ECA82217FCB16D00C930FE /* Foundation.framework */; };
		18ECA84417FCB16D00C930FE /* UIKit.framework in Frameworks */ = {isa = PBXBuildFile; fileRef = 18ECA82617FCB16D00C930FE /* UIKit.framework */; };
		18ECA84C17FCB16D00C930FE /* InfoPlist.strings in Resources */ = {isa = PBXBuildFile; fileRef = 18ECA84A17FCB16D00C930FE /* InfoPlist.strings */; };
		18ECA84E17FCB16D00C930FE /* SatakamsTests.m in Sources */ = {isa = PBXBuildFile; fileRef = 18ECA84D17FCB16D00C930FE /* SatakamsTests.m */; };
		82021DBF17FDF4930065F7A4 /* reveal_menu_icon_landscape.png in Resources */ = {isa = PBXBuildFile; fileRef = 82021DBB17FDF4930065F7A4 /* reveal_menu_icon_landscape.png */; };
		82021DC017FDF4930065F7A4 /* reveal_menu_icon_landscape@2x.png in Resources */ = {isa = PBXBuildFile; fileRef = 82021DBC17FDF4930065F7A4 /* reveal_menu_icon_landscape@2x.png */; };
		82021DC117FDF4930065F7A4 /* reveal_menu_icon_portrait.png in Resources */ = {isa = PBXBuildFile; fileRef = 82021DBD17FDF4930065F7A4 /* reveal_menu_icon_portrait.png */; };
		82021DC217FDF4930065F7A4 /* reveal_menu_icon_portrait@2x.png in Resources */ = {isa = PBXBuildFile; fileRef = 82021DBE17FDF4930065F7A4 /* reveal_menu_icon_portrait@2x.png */; };
		82021DC4180061650065F7A4 /* libsqlite3.0.dylib in Frameworks */ = {isa = PBXBuildFile; fileRef = 82021DC3180061650065F7A4 /* libsqlite3.0.dylib */; };
		82B75B161825018B0060B8AA /* FTPoemsCollectionViewController.m in Sources */ = {isa = PBXBuildFile; fileRef = 82B75B151825018B0060B8AA /* FTPoemsCollectionViewController.m */; };
		82B75BAC182541AB0060B8AA /* FTPoemsVerticalFlowLayout.m in Sources */ = {isa = PBXBuildFile; fileRef = 82B75BAB182541AB0060B8AA /* FTPoemsVerticalFlowLayout.m */; };
		82B75BAF182541C60060B8AA /* FTPoemsHoriontalFlowLayout.m in Sources */ = {isa = PBXBuildFile; fileRef = 82B75BAE182541C60060B8AA /* FTPoemsHoriontalFlowLayout.m */; };
		82B75BB2182542240060B8AA /* FTPoemCollectionViewCell.m in Sources */ = {isa = PBXBuildFile; fileRef = 82B75BB1182542240060B8AA /* FTPoemCollectionViewCell.m */; };
		B9265BE4956F4FF387FC8F2D /* libPods.a in Frameworks */ = {isa = PBXBuildFile; fileRef = 63BEEFC72C6443568C0215B4 /* libPods.a */; };
/* End PBXBuildFile section */

/* Begin PBXContainerItemProxy section */
		18ECA84517FCB16D00C930FE /* PBXContainerItemProxy */ = {
			isa = PBXContainerItemProxy;
			containerPortal = 18ECA81717FCB16D00C930FE /* Project object */;
			proxyType = 1;
			remoteGlobalIDString = 18ECA81E17FCB16D00C930FE;
			remoteInfo = Satakams;
		};
/* End PBXContainerItemProxy section */

/* Begin PBXFileReference section */
		181A02E0182D226C0097208A /* Ramaneeya.ttf */ = {isa = PBXFileReference; lastKnownFileType = file; path = Ramaneeya.ttf; sourceTree = "<group>"; };
		18241D7318047D1B0019C34D /* Main.storyboard */ = {isa = PBXFileReference; fileEncoding = 4; lastKnownFileType = file.storyboard; path = Main.storyboard; sourceTree = "<group>"; };
		18241D7518047F770019C34D /* ft.satakam.database.sqlite */ = {isa = PBXFileReference; lastKnownFileType = file; path = ft.satakam.database.sqlite; sourceTree = "<group>"; };
		185646D31846839100FF5FFE /* FTMenuTableViewCell.h */ = {isa = PBXFileReference; fileEncoding = 4; lastKnownFileType = sourcecode.c.h; path = FTMenuTableViewCell.h; sourceTree = "<group>"; };
		185646D41846839100FF5FFE /* FTMenuTableViewCell.m */ = {isa = PBXFileReference; fileEncoding = 4; lastKnownFileType = sourcecode.c.objc; path = FTMenuTableViewCell.m; sourceTree = "<group>"; };
		185646D61846843200FF5FFE /* FTConstants.h */ = {isa = PBXFileReference; fileEncoding = 4; lastKnownFileType = sourcecode.c.h; path = FTConstants.h; sourceTree = "<group>"; };
		185646D71846843200FF5FFE /* FTConstants.m */ = {isa = PBXFileReference; fileEncoding = 4; lastKnownFileType = sourcecode.c.objc; path = FTConstants.m; sourceTree = "<group>"; };
		187215F5182052CA0086CEBD /* Aadhi Bikshuvu.mp3 */ = {isa = PBXFileReference; lastKnownFileType = audio.mp3; path = "Aadhi Bikshuvu.mp3"; sourceTree = "<group>"; };
		187215F6182052CA0086CEBD /* Chandamaama Raave.mp3 */ = {isa = PBXFileReference; lastKnownFileType = audio.mp3; path = "Chandamaama Raave.mp3"; sourceTree = "<group>"; };
		187215F7182052CA0086CEBD /* Chinuku Chinuku.mp3 */ = {isa = PBXFileReference; lastKnownFileType = audio.mp3; path = "Chinuku Chinuku.mp3"; sourceTree = "<group>"; };
		187215F8182052CA0086CEBD /* Ee Gaali Ee Vela.mp3 */ = {isa = PBXFileReference; lastKnownFileType = audio.mp3; path = "Ee Gaali Ee Vela.mp3"; sourceTree = "<group>"; };
		187215F9182052CA0086CEBD /* Flute Music.mp3 */ = {isa = PBXFileReference; lastKnownFileType = audio.mp3; path = "Flute Music.mp3"; sourceTree = "<group>"; };
		187215FA182052CA0086CEBD /* Merise Thaaraladhi.mp3 */ = {isa = PBXFileReference; lastKnownFileType = audio.mp3; path = "Merise Thaaraladhi.mp3"; sourceTree = "<group>"; };
		187215FB182052CA0086CEBD /* Paatallo.mp3 */ = {isa = PBXFileReference; lastKnownFileType = audio.mp3; path = Paatallo.mp3; sourceTree = "<group>"; };
		187215FC182052CA0086CEBD /* Polimera Dhaatipothunna.mp3 */ = {isa = PBXFileReference; lastKnownFileType = audio.mp3; path = "Polimera Dhaatipothunna.mp3"; sourceTree = "<group>"; };
		187215FD182052CA0086CEBD /* Prakruthikanthaku.mp3 */ = {isa = PBXFileReference; lastKnownFileType = audio.mp3; path = Prakruthikanthaku.mp3; sourceTree = "<group>"; };
		187215FE182052CA0086CEBD /* Vidhaatha Thalapuna.mp3 */ = {isa = PBXFileReference; lastKnownFileType = audio.mp3; path = "Vidhaatha Thalapuna.mp3"; sourceTree = "<group>"; };
		187216091820CC4F0086CEBD /* FTAudioManager.h */ = {isa = PBXFileReference; fileEncoding = 4; lastKnownFileType = sourcecode.c.h; path = FTAudioManager.h; sourceTree = "<group>"; };
		1872160A1820CC4F0086CEBD /* FTAudioManager.m */ = {isa = PBXFileReference; fileEncoding = 4; lastKnownFileType = sourcecode.c.objc; path = FTAudioManager.m; sourceTree = "<group>"; };
		18971A3A18018AFD003DA5B4 /* FTAppDelegate.h */ = {isa = PBXFileReference; fileEncoding = 4; lastKnownFileType = sourcecode.c.h; path = FTAppDelegate.h; sourceTree = "<group>"; };
		18971A3B18018AFD003DA5B4 /* FTAppDelegate.m */ = {isa = PBXFileReference; fileEncoding = 4; lastKnownFileType = sourcecode.c.objc; path = FTAppDelegate.m; sourceTree = "<group>"; };
		18971A3C18018AFD003DA5B4 /* FTDatabaseWrapper.h */ = {isa = PBXFileReference; fileEncoding = 4; lastKnownFileType = sourcecode.c.h; path = FTDatabaseWrapper.h; sourceTree = "<group>"; };
		18971A3D18018AFD003DA5B4 /* FTDatabaseWrapper.m */ = {isa = PBXFileReference; fileEncoding = 4; lastKnownFileType = sourcecode.c.objc; path = FTDatabaseWrapper.m; sourceTree = "<group>"; };
		18971A3F18018AFD003DA5B4 /* main.m */ = {isa = PBXFileReference; fileEncoding = 4; lastKnownFileType = sourcecode.c.objc; path = main.m; sourceTree = "<group>"; };
		18971A4018018AFD003DA5B4 /* Satakams-Info.plist */ = {isa = PBXFileReference; fileEncoding = 4; lastKnownFileType = text.plist.xml; path = "Satakams-Info.plist"; sourceTree = "<group>"; };
		18971A4118018AFD003DA5B4 /* Satakams-Prefix.pch */ = {isa = PBXFileReference; fileEncoding = 4; lastKnownFileType = sourcecode.c.h; path = "Satakams-Prefix.pch"; sourceTree = "<group>"; };
		18971A4318018AFD003DA5B4 /* FTMenuViewController.h */ = {isa = PBXFileReference; fileEncoding = 4; lastKnownFileType = sourcecode.c.h; path = FTMenuViewController.h; sourceTree = "<group>"; };
		18971A4418018AFD003DA5B4 /* FTMenuViewController.m */ = {isa = PBXFileReference; fileEncoding = 4; lastKnownFileType = sourcecode.c.objc; path = FTMenuViewController.m; sourceTree = "<group>"; };
		18971A4518018AFD003DA5B4 /* FTPoemsViewController.h */ = {isa = PBXFileReference; fileEncoding = 4; lastKnownFileType = sourcecode.c.h; path = FTPoemsViewController.h; sourceTree = "<group>"; };
		18971A4618018AFD003DA5B4 /* FTPoemsViewController.m */ = {isa = PBXFileReference; fileEncoding = 4; lastKnownFileType = sourcecode.c.objc; path = FTPoemsViewController.m; sourceTree = "<group>"; };
		18971A5118018B0F003DA5B4 /* InfoPlist.strings */ = {isa = PBXFileReference; fileEncoding = 4; lastKnownFileType = text.plist.strings; path = InfoPlist.strings; sourceTree = "<group>"; };
		18971A5318029027003DA5B4 /* FTPoem.h */ = {isa = PBXFileReference; fileEncoding = 4; lastKnownFileType = sourcecode.c.h; path = FTPoem.h; sourceTree = "<group>"; };
		18971A5418029027003DA5B4 /* FTPoem.m */ = {isa = PBXFileReference; fileEncoding = 4; lastKnownFileType = sourcecode.c.objc; path = FTPoem.m; sourceTree = "<group>"; };
		18971A5618029036003DA5B4 /* FTPoet.h */ = {isa = PBXFileReference; fileEncoding = 4; lastKnownFileType = sourcecode.c.h; path = FTPoet.h; sourceTree = "<group>"; };
		18971A5718029036003DA5B4 /* FTPoet.m */ = {isa = PBXFileReference; fileEncoding = 4; lastKnownFileType = sourcecode.c.objc; path = FTPoet.m; sourceTree = "<group>"; };
		18971A5918029042003DA5B4 /* FTSatakam.h */ = {isa = PBXFileReference; fileEncoding = 4; lastKnownFileType = sourcecode.c.h; path = FTSatakam.h; sourceTree = "<group>"; };
		18971A5A18029042003DA5B4 /* FTSatakam.m */ = {isa = PBXFileReference; fileEncoding = 4; lastKnownFileType = sourcecode.c.objc; path = FTSatakam.m; sourceTree = "<group>"; };
		18ECA81F17FCB16D00C930FE /* Satakams.app */ = {isa = PBXFileReference; explicitFileType = wrapper.application; includeInIndex = 0; path = Satakams.app; sourceTree = BUILT_PRODUCTS_DIR; };
		18ECA82217FCB16D00C930FE /* Foundation.framework */ = {isa = PBXFileReference; lastKnownFileType = wrapper.framework; name = Foundation.framework; path = System/Library/Frameworks/Foundation.framework; sourceTree = SDKROOT; };
		18ECA82417FCB16D00C930FE /* CoreGraphics.framework */ = {isa = PBXFileReference; lastKnownFileType = wrapper.framework; name = CoreGraphics.framework; path = System/Library/Frameworks/CoreGraphics.framework; sourceTree = SDKROOT; };
		18ECA82617FCB16D00C930FE /* UIKit.framework */ = {isa = PBXFileReference; lastKnownFileType = wrapper.framework; name = UIKit.framework; path = System/Library/Frameworks/UIKit.framework; sourceTree = SDKROOT; };
		18ECA83A17FCB16D00C930FE /* Images.xcassets */ = {isa = PBXFileReference; lastKnownFileType = folder.assetcatalog; path = Images.xcassets; sourceTree = "<group>"; };
		18ECA84017FCB16D00C930FE /* SatakamsTests.xctest */ = {isa = PBXFileReference; explicitFileType = wrapper.cfbundle; includeInIndex = 0; path = SatakamsTests.xctest; sourceTree = BUILT_PRODUCTS_DIR; };
		18ECA84117FCB16D00C930FE /* XCTest.framework */ = {isa = PBXFileReference; lastKnownFileType = wrapper.framework; name = XCTest.framework; path = Library/Frameworks/XCTest.framework; sourceTree = DEVELOPER_DIR; };
		18ECA84917FCB16D00C930FE /* SatakamsTests-Info.plist */ = {isa = PBXFileReference; lastKnownFileType = text.plist.xml; path = "SatakamsTests-Info.plist"; sourceTree = "<group>"; };
		18ECA84B17FCB16D00C930FE /* en */ = {isa = PBXFileReference; lastKnownFileType = text.plist.strings; name = en; path = en.lproj/InfoPlist.strings; sourceTree = "<group>"; };
		18ECA84D17FCB16D00C930FE /* SatakamsTests.m */ = {isa = PBXFileReference; lastKnownFileType = sourcecode.c.objc; path = SatakamsTests.m; sourceTree = "<group>"; };
		63BEEFC72C6443568C0215B4 /* libPods.a */ = {isa = PBXFileReference; explicitFileType = archive.ar; includeInIndex = 0; path = libPods.a; sourceTree = BUILT_PRODUCTS_DIR; };
		82021DBB17FDF4930065F7A4 /* reveal_menu_icon_landscape.png */ = {isa = PBXFileReference; lastKnownFileType = image.png; path = reveal_menu_icon_landscape.png; sourceTree = "<group>"; };
		82021DBC17FDF4930065F7A4 /* reveal_menu_icon_landscape@2x.png */ = {isa = PBXFileReference; lastKnownFileType = image.png; path = "reveal_menu_icon_landscape@2x.png"; sourceTree = "<group>"; };
		82021DBD17FDF4930065F7A4 /* reveal_menu_icon_portrait.png */ = {isa = PBXFileReference; lastKnownFileType = image.png; path = reveal_menu_icon_portrait.png; sourceTree = "<group>"; };
		82021DBE17FDF4930065F7A4 /* reveal_menu_icon_portrait@2x.png */ = {isa = PBXFileReference; lastKnownFileType = image.png; path = "reveal_menu_icon_portrait@2x.png"; sourceTree = "<group>"; };
		82021DC3180061650065F7A4 /* libsqlite3.0.dylib */ = {isa = PBXFileReference; lastKnownFileType = "compiled.mach-o.dylib"; name = libsqlite3.0.dylib; path = usr/lib/libsqlite3.0.dylib; sourceTree = SDKROOT; };
		829B320A182FB0A9007775F3 /* FTMenuSelectionProtocol.h */ = {isa = PBXFileReference; lastKnownFileType = sourcecode.c.h; path = FTMenuSelectionProtocol.h; sourceTree = "<group>"; };
		82B75B141825018B0060B8AA /* FTPoemsCollectionViewController.h */ = {isa = PBXFileReference; fileEncoding = 4; lastKnownFileType = sourcecode.c.h; path = FTPoemsCollectionViewController.h; sourceTree = "<group>"; };
		82B75B151825018B0060B8AA /* FTPoemsCollectionViewController.m */ = {isa = PBXFileReference; fileEncoding = 4; lastKnownFileType = sourcecode.c.objc; path = FTPoemsCollectionViewController.m; sourceTree = "<group>"; };
		82B75BAA182541AB0060B8AA /* FTPoemsVerticalFlowLayout.h */ = {isa = PBXFileReference; fileEncoding = 4; lastKnownFileType = sourcecode.c.h; path = FTPoemsVerticalFlowLayout.h; sourceTree = "<group>"; };
		82B75BAB182541AB0060B8AA /* FTPoemsVerticalFlowLayout.m */ = {isa = PBXFileReference; fileEncoding = 4; lastKnownFileType = sourcecode.c.objc; path = FTPoemsVerticalFlowLayout.m; sourceTree = "<group>"; };
		82B75BAD182541C60060B8AA /* FTPoemsHoriontalFlowLayout.h */ = {isa = PBXFileReference; fileEncoding = 4; lastKnownFileType = sourcecode.c.h; path = FTPoemsHoriontalFlowLayout.h; sourceTree = "<group>"; };
		82B75BAE182541C60060B8AA /* FTPoemsHoriontalFlowLayout.m */ = {isa = PBXFileReference; fileEncoding = 4; lastKnownFileType = sourcecode.c.objc; path = FTPoemsHoriontalFlowLayout.m; sourceTree = "<group>"; };
		82B75BB0182542240060B8AA /* FTPoemCollectionViewCell.h */ = {isa = PBXFileReference; fileEncoding = 4; lastKnownFileType = sourcecode.c.h; path = FTPoemCollectionViewCell.h; sourceTree = "<group>"; };
		82B75BB1182542240060B8AA /* FTPoemCollectionViewCell.m */ = {isa = PBXFileReference; fileEncoding = 4; lastKnownFileType = sourcecode.c.objc; path = FTPoemCollectionViewCell.m; sourceTree = "<group>"; };
		AC5BC34864C04657A83DC151 /* Pods.xcconfig */ = {isa = PBXFileReference; includeInIndex = 1; lastKnownFileType = text.xcconfig; name = Pods.xcconfig; path = Pods/Pods.xcconfig; sourceTree = "<group>"; };
/* End PBXFileReference section */

/* Begin PBXFrameworksBuildPhase section */
		18ECA81C17FCB16D00C930FE /* Frameworks */ = {
			isa = PBXFrameworksBuildPhase;
			buildActionMask = 2147483647;
			files = (
				82021DC4180061650065F7A4 /* libsqlite3.0.dylib in Frameworks */,
				18ECA82517FCB16D00C930FE /* CoreGraphics.framework in Frameworks */,
				18ECA82717FCB16D00C930FE /* UIKit.framework in Frameworks */,
				18ECA82317FCB16D00C930FE /* Foundation.framework in Frameworks */,
				B9265BE4956F4FF387FC8F2D /* libPods.a in Frameworks */,
			);
			runOnlyForDeploymentPostprocessing = 0;
		};
		18ECA83D17FCB16D00C930FE /* Frameworks */ = {
			isa = PBXFrameworksBuildPhase;
			buildActionMask = 2147483647;
			files = (
				18ECA84217FCB16D00C930FE /* XCTest.framework in Frameworks */,
				18ECA84417FCB16D00C930FE /* UIKit.framework in Frameworks */,
				18ECA84317FCB16D00C930FE /* Foundation.framework in Frameworks */,
			);
			runOnlyForDeploymentPostprocessing = 0;
		};
/* End PBXFrameworksBuildPhase section */

/* Begin PBXGroup section */
		18241D72180469E80019C34D /* Resources */ = {
			isa = PBXGroup;
			children = (
				187215E018204F8F0086CEBD /* AudioFiles */,
				18241D7518047F770019C34D /* ft.satakam.database.sqlite */,
				18241D7318047D1B0019C34D /* Main.storyboard */,
				185646D61846843200FF5FFE /* FTConstants.h */,
				185646D71846843200FF5FFE /* FTConstants.m */,
			);
			path = Resources;
			sourceTree = "<group>";
		};
		187215E018204F8F0086CEBD /* AudioFiles */ = {
			isa = PBXGroup;
			children = (
				187215F5182052CA0086CEBD /* Aadhi Bikshuvu.mp3 */,
				187215F6182052CA0086CEBD /* Chandamaama Raave.mp3 */,
				187215F7182052CA0086CEBD /* Chinuku Chinuku.mp3 */,
				187215F8182052CA0086CEBD /* Ee Gaali Ee Vela.mp3 */,
				187215F9182052CA0086CEBD /* Flute Music.mp3 */,
				187215FA182052CA0086CEBD /* Merise Thaaraladhi.mp3 */,
				187215FB182052CA0086CEBD /* Paatallo.mp3 */,
				187215FC182052CA0086CEBD /* Polimera Dhaatipothunna.mp3 */,
				187215FD182052CA0086CEBD /* Prakruthikanthaku.mp3 */,
				187215FE182052CA0086CEBD /* Vidhaatha Thalapuna.mp3 */,
			);
			path = AudioFiles;
			sourceTree = "<group>";
		};
		18971A3818018AFD003DA5B4 /* Model */ = {
			isa = PBXGroup;
			children = (
				18971A5318029027003DA5B4 /* FTPoem.h */,
				18971A5418029027003DA5B4 /* FTPoem.m */,
				18971A5618029036003DA5B4 /* FTPoet.h */,
				18971A5718029036003DA5B4 /* FTPoet.m */,
				18971A5918029042003DA5B4 /* FTSatakam.h */,
				18971A5A18029042003DA5B4 /* FTSatakam.m */,
			);
			path = Model;
			sourceTree = "<group>";
		};
		18971A3918018AFD003DA5B4 /* Singletons */ = {
			isa = PBXGroup;
			children = (
				18971A3A18018AFD003DA5B4 /* FTAppDelegate.h */,
				18971A3B18018AFD003DA5B4 /* FTAppDelegate.m */,
				18971A3C18018AFD003DA5B4 /* FTDatabaseWrapper.h */,
				18971A3D18018AFD003DA5B4 /* FTDatabaseWrapper.m */,
				187216091820CC4F0086CEBD /* FTAudioManager.h */,
				1872160A1820CC4F0086CEBD /* FTAudioManager.m */,
			);
			path = Singletons;
			sourceTree = "<group>";
		};
		18971A3E18018AFD003DA5B4 /* SupportingFiles */ = {
			isa = PBXGroup;
			children = (
				181A02E0182D226C0097208A /* Ramaneeya.ttf */,
				18971A5118018B0F003DA5B4 /* InfoPlist.strings */,
				18971A3F18018AFD003DA5B4 /* main.m */,
				18971A4018018AFD003DA5B4 /* Satakams-Info.plist */,
				18971A4118018AFD003DA5B4 /* Satakams-Prefix.pch */,
			);
			path = SupportingFiles;
			sourceTree = "<group>";
		};
		18971A4218018AFD003DA5B4 /* ViewControllers */ = {
			isa = PBXGroup;
			children = (
				18971A4318018AFD003DA5B4 /* FTMenuViewController.h */,
				18971A4418018AFD003DA5B4 /* FTMenuViewController.m */,
				18971A4518018AFD003DA5B4 /* FTPoemsViewController.h */,
				18971A4618018AFD003DA5B4 /* FTPoemsViewController.m */,
				82B75B141825018B0060B8AA /* FTPoemsCollectionViewController.h */,
				82B75B151825018B0060B8AA /* FTPoemsCollectionViewController.m */,
			);
			path = ViewControllers;
			sourceTree = "<group>";
		};
		18971A4918018AFD003DA5B4 /* Views */ = {
			isa = PBXGroup;
			children = (
			);
			path = Views;
			sourceTree = "<group>";
		};
		18ECA81617FCB16D00C930FE = {
			isa = PBXGroup;
			children = (
				18ECA82817FCB16D00C930FE /* Satakams */,
				18ECA84717FCB16D00C930FE /* SatakamsTests */,
				18ECA82117FCB16D00C930FE /* Frameworks */,
				18ECA82017FCB16D00C930FE /* Products */,
				AC5BC34864C04657A83DC151 /* Pods.xcconfig */,
			);
			sourceTree = "<group>";
		};
		18ECA82017FCB16D00C930FE /* Products */ = {
			isa = PBXGroup;
			children = (
				18ECA81F17FCB16D00C930FE /* Satakams.app */,
				18ECA84017FCB16D00C930FE /* SatakamsTests.xctest */,
			);
			name = Products;
			sourceTree = "<group>";
		};
		18ECA82117FCB16D00C930FE /* Frameworks */ = {
			isa = PBXGroup;
			children = (
				82021DC3180061650065F7A4 /* libsqlite3.0.dylib */,
				18ECA82217FCB16D00C930FE /* Foundation.framework */,
				18ECA82417FCB16D00C930FE /* CoreGraphics.framework */,
				18ECA82617FCB16D00C930FE /* UIKit.framework */,
				18ECA84117FCB16D00C930FE /* XCTest.framework */,
				63BEEFC72C6443568C0215B4 /* libPods.a */,
			);
			name = Frameworks;
			sourceTree = "<group>";
		};
		18ECA82817FCB16D00C930FE /* Satakams */ = {
			isa = PBXGroup;
			children = (
				829B3209182FB08A007775F3 /* Protocols */,
				82B75B18182508B20060B8AA /* CollectionViewLayout */,
				82B75B17182501D00060B8AA /* CollectionViewCells */,
				18241D72180469E80019C34D /* Resources */,
				18971A3818018AFD003DA5B4 /* Model */,
				18971A3918018AFD003DA5B4 /* Singletons */,
				18971A4218018AFD003DA5B4 /* ViewControllers */,
				18971A4918018AFD003DA5B4 /* Views */,
				18971A3E18018AFD003DA5B4 /* SupportingFiles */,
				82021DBA17FDF4930065F7A4 /* Images */,
				18ECA83A17FCB16D00C930FE /* Images.xcassets */,
			);
			path = Satakams;
			sourceTree = "<group>";
		};
		18ECA84717FCB16D00C930FE /* SatakamsTests */ = {
			isa = PBXGroup;
			children = (
				18ECA84D17FCB16D00C930FE /* SatakamsTests.m */,
				18ECA84817FCB16D00C930FE /* Supporting Files */,
			);
			path = SatakamsTests;
			sourceTree = "<group>";
		};
		18ECA84817FCB16D00C930FE /* Supporting Files */ = {
			isa = PBXGroup;
			children = (
				18ECA84917FCB16D00C930FE /* SatakamsTests-Info.plist */,
				18ECA84A17FCB16D00C930FE /* InfoPlist.strings */,
			);
			name = "Supporting Files";
			sourceTree = "<group>";
		};
		82021DBA17FDF4930065F7A4 /* Images */ = {
			isa = PBXGroup;
			children = (
				82021DBB17FDF4930065F7A4 /* reveal_menu_icon_landscape.png */,
				82021DBC17FDF4930065F7A4 /* reveal_menu_icon_landscape@2x.png */,
				82021DBD17FDF4930065F7A4 /* reveal_menu_icon_portrait.png */,
				82021DBE17FDF4930065F7A4 /* reveal_menu_icon_portrait@2x.png */,
			);
			path = Images;
			sourceTree = "<group>";
		};
		829B3209182FB08A007775F3 /* Protocols */ = {
			isa = PBXGroup;
			children = (
				829B320A182FB0A9007775F3 /* FTMenuSelectionProtocol.h */,
			);
			path = Protocols;
			sourceTree = "<group>";
		};
		82B75B17182501D00060B8AA /* CollectionViewCells */ = {
			isa = PBXGroup;
			children = (
				82B75BB0182542240060B8AA /* FTPoemCollectionViewCell.h */,
				82B75BB1182542240060B8AA /* FTPoemCollectionViewCell.m */,
				185646D31846839100FF5FFE /* FTMenuTableViewCell.h */,
				185646D41846839100FF5FFE /* FTMenuTableViewCell.m */,
			);
			path = CollectionViewCells;
			sourceTree = "<group>";
		};
		82B75B18182508B20060B8AA /* CollectionViewLayout */ = {
			isa = PBXGroup;
			children = (
				82B75BAA182541AB0060B8AA /* FTPoemsVerticalFlowLayout.h */,
				82B75BAB182541AB0060B8AA /* FTPoemsVerticalFlowLayout.m */,
				82B75BAD182541C60060B8AA /* FTPoemsHoriontalFlowLayout.h */,
				82B75BAE182541C60060B8AA /* FTPoemsHoriontalFlowLayout.m */,
			);
			path = CollectionViewLayout;
			sourceTree = "<group>";
		};
/* End PBXGroup section */

/* Begin PBXNativeTarget section */
		18ECA81E17FCB16D00C930FE /* Satakams */ = {
			isa = PBXNativeTarget;
			buildConfigurationList = 18ECA85117FCB16D00C930FE /* Build configuration list for PBXNativeTarget "Satakams" */;
			buildPhases = (
				9A93220EA08846E4A2C2B0E8 /* Check Pods Manifest.lock */,
				18ECA81B17FCB16D00C930FE /* Sources */,
				18ECA81C17FCB16D00C930FE /* Frameworks */,
				18ECA81D17FCB16D00C930FE /* Resources */,
				2D82C696B6534F068DE04B42 /* Copy Pods Resources */,
			);
			buildRules = (
			);
			dependencies = (
			);
			name = Satakams;
			productName = Satakams;
			productReference = 18ECA81F17FCB16D00C930FE /* Satakams.app */;
			productType = "com.apple.product-type.application";
		};
		18ECA83F17FCB16D00C930FE /* SatakamsTests */ = {
			isa = PBXNativeTarget;
			buildConfigurationList = 18ECA85417FCB16D00C930FE /* Build configuration list for PBXNativeTarget "SatakamsTests" */;
			buildPhases = (
				18ECA83C17FCB16D00C930FE /* Sources */,
				18ECA83D17FCB16D00C930FE /* Frameworks */,
				18ECA83E17FCB16D00C930FE /* Resources */,
			);
			buildRules = (
			);
			dependencies = (
				18ECA84617FCB16D00C930FE /* PBXTargetDependency */,
			);
			name = SatakamsTests;
			productName = SatakamsTests;
			productReference = 18ECA84017FCB16D00C930FE /* SatakamsTests.xctest */;
			productType = "com.apple.product-type.bundle.unit-test";
		};
/* End PBXNativeTarget section */

/* Begin PBXProject section */
		18ECA81717FCB16D00C930FE /* Project object */ = {
			isa = PBXProject;
			attributes = {
				CLASSPREFIX = FT;
				LastUpgradeCheck = 0500;
				ORGANIZATIONNAME = FT;
				TargetAttributes = {
					18ECA83F17FCB16D00C930FE = {
						TestTargetID = 18ECA81E17FCB16D00C930FE;
					};
				};
			};
			buildConfigurationList = 18ECA81A17FCB16D00C930FE /* Build configuration list for PBXProject "Satakams" */;
			compatibilityVersion = "Xcode 3.2";
			developmentRegion = English;
			hasScannedForEncodings = 0;
			knownRegions = (
				en,
				Base,
			);
			mainGroup = 18ECA81617FCB16D00C930FE;
			productRefGroup = 18ECA82017FCB16D00C930FE /* Products */;
			projectDirPath = "";
			projectRoot = "";
			targets = (
				18ECA81E17FCB16D00C930FE /* Satakams */,
				18ECA83F17FCB16D00C930FE /* SatakamsTests */,
			);
		};
/* End PBXProject section */

/* Begin PBXResourcesBuildPhase section */
		18ECA81D17FCB16D00C930FE /* Resources */ = {
			isa = PBXResourcesBuildPhase;
			buildActionMask = 2147483647;
			files = (
				18721600182052CA0086CEBD /* Chandamaama Raave.mp3 in Resources */,
				18241D7418047D1B0019C34D /* Main.storyboard in Resources */,
				82021DC217FDF4930065F7A4 /* reveal_menu_icon_portrait@2x.png in Resources */,
				18721605182052CA0086CEBD /* Paatallo.mp3 in Resources */,
				18721603182052CA0086CEBD /* Flute Music.mp3 in Resources */,
				181A02E1182D226C0097208A /* Ramaneeya.ttf in Resources */,
				18971A5218018B0F003DA5B4 /* InfoPlist.strings in Resources */,
				18721602182052CA0086CEBD /* Ee Gaali Ee Vela.mp3 in Resources */,
				187215FF182052CA0086CEBD /* Aadhi Bikshuvu.mp3 in Resources */,
				18ECA83B17FCB16D00C930FE /* Images.xcassets in Resources */,
				82021DC117FDF4930065F7A4 /* reveal_menu_icon_portrait.png in Resources */,
				18721606182052CA0086CEBD /* Polimera Dhaatipothunna.mp3 in Resources */,
				18721608182052CA0086CEBD /* Vidhaatha Thalapuna.mp3 in Resources */,
				18721601182052CA0086CEBD /* Chinuku Chinuku.mp3 in Resources */,
				18721604182052CA0086CEBD /* Merise Thaaraladhi.mp3 in Resources */,
				18721607182052CA0086CEBD /* Prakruthikanthaku.mp3 in Resources */,
				82021DBF17FDF4930065F7A4 /* reveal_menu_icon_landscape.png in Resources */,
				82021DC017FDF4930065F7A4 /* reveal_menu_icon_landscape@2x.png in Resources */,
				18241D7618047F770019C34D /* ft.satakam.database.sqlite in Resources */,
			);
			runOnlyForDeploymentPostprocessing = 0;
		};
		18ECA83E17FCB16D00C930FE /* Resources */ = {
			isa = PBXResourcesBuildPhase;
			buildActionMask = 2147483647;
			files = (
				18ECA84C17FCB16D00C930FE /* InfoPlist.strings in Resources */,
			);
			runOnlyForDeploymentPostprocessing = 0;
		};
/* End PBXResourcesBuildPhase section */

/* Begin PBXShellScriptBuildPhase section */
		2D82C696B6534F068DE04B42 /* Copy Pods Resources */ = {
			isa = PBXShellScriptBuildPhase;
			buildActionMask = 2147483647;
			files = (
			);
			inputPaths = (
			);
			name = "Copy Pods Resources";
			outputPaths = (
			);
			runOnlyForDeploymentPostprocessing = 0;
			shellPath = /bin/sh;
			shellScript = "\"${SRCROOT}/Pods/Pods-resources.sh\"\n";
			showEnvVarsInLog = 0;
		};
		9A93220EA08846E4A2C2B0E8 /* Check Pods Manifest.lock */ = {
			isa = PBXShellScriptBuildPhase;
			buildActionMask = 2147483647;
			files = (
			);
			inputPaths = (
			);
			name = "Check Pods Manifest.lock";
			outputPaths = (
			);
			runOnlyForDeploymentPostprocessing = 0;
			shellPath = /bin/sh;
			shellScript = "diff \"${PODS_ROOT}/../Podfile.lock\" \"${PODS_ROOT}/Manifest.lock\" > /dev/null\nif [[ $? != 0 ]] ; then\n    cat << EOM\nerror: The sandbox is not in sync with the Podfile.lock. Run 'pod install' or update your CocoaPods installation.\nEOM\n    exit 1\nfi\n";
			showEnvVarsInLog = 0;
		};
/* End PBXShellScriptBuildPhase section */

/* Begin PBXSourcesBuildPhase section */
		18ECA81B17FCB16D00C930FE /* Sources */ = {
			isa = PBXSourcesBuildPhase;
			buildActionMask = 2147483647;
			files = (
				18971A5518029027003DA5B4 /* FTPoem.m in Sources */,
				82B75BB2182542240060B8AA /* FTPoemCollectionViewCell.m in Sources */,
				18971A4F18018AFD003DA5B4 /* FTPoemsViewController.m in Sources */,
				18971A4B18018AFD003DA5B4 /* FTDatabaseWrapper.m in Sources */,
				82B75B161825018B0060B8AA /* FTPoemsCollectionViewController.m in Sources */,
				18971A4C18018AFD003DA5B4 /* main.m in Sources */,
				185646D51846839100FF5FFE /* FTMenuTableViewCell.m in Sources */,
				185646D81846843200FF5FFE /* FTConstants.m in Sources */,
				18971A5818029036003DA5B4 /* FTPoet.m in Sources */,
				82B75BAF182541C60060B8AA /* FTPoemsHoriontalFlowLayout.m in Sources */,
				1872160B1820CC4F0086CEBD /* FTAudioManager.m in Sources */,
				18971A4A18018AFD003DA5B4 /* FTAppDelegate.m in Sources */,
				18971A5B18029042003DA5B4 /* FTSatakam.m in Sources */,
				82B75BAC182541AB0060B8AA /* FTPoemsVerticalFlowLayout.m in Sources */,
				18971A4E18018AFD003DA5B4 /* FTMenuViewController.m in Sources */,
			);
			runOnlyForDeploymentPostprocessing = 0;
		};
		18ECA83C17FCB16D00C930FE /* Sources */ = {
			isa = PBXSourcesBuildPhase;
			buildActionMask = 2147483647;
			files = (
				18ECA84E17FCB16D00C930FE /* SatakamsTests.m in Sources */,
			);
			runOnlyForDeploymentPostprocessing = 0;
		};
/* End PBXSourcesBuildPhase section */

/* Begin PBXTargetDependency section */
		18ECA84617FCB16D00C930FE /* PBXTargetDependency */ = {
			isa = PBXTargetDependency;
			target = 18ECA81E17FCB16D00C930FE /* Satakams */;
			targetProxy = 18ECA84517FCB16D00C930FE /* PBXContainerItemProxy */;
		};
/* End PBXTargetDependency section */

/* Begin PBXVariantGroup section */
		18ECA84A17FCB16D00C930FE /* InfoPlist.strings */ = {
			isa = PBXVariantGroup;
			children = (
				18ECA84B17FCB16D00C930FE /* en */,
			);
			name = InfoPlist.strings;
			sourceTree = "<group>";
		};
/* End PBXVariantGroup section */

/* Begin XCBuildConfiguration section */
		18ECA84F17FCB16D00C930FE /* Debug */ = {
			isa = XCBuildConfiguration;
			buildSettings = {
				ALWAYS_SEARCH_USER_PATHS = NO;
				ARCHS = "$(ARCHS_STANDARD_INCLUDING_64_BIT)";
				CLANG_CXX_LANGUAGE_STANDARD = "gnu++0x";
				CLANG_CXX_LIBRARY = "libc++";
				CLANG_ENABLE_MODULES = YES;
				CLANG_ENABLE_OBJC_ARC = YES;
				CLANG_WARN_BOOL_CONVERSION = YES;
				CLANG_WARN_CONSTANT_CONVERSION = YES;
				CLANG_WARN_DIRECT_OBJC_ISA_USAGE = YES_ERROR;
				CLANG_WARN_EMPTY_BODY = YES;
				CLANG_WARN_ENUM_CONVERSION = YES;
				CLANG_WARN_INT_CONVERSION = YES;
				CLANG_WARN_OBJC_ROOT_CLASS = YES_ERROR;
				CLANG_WARN__DUPLICATE_METHOD_MATCH = YES;
				"CODE_SIGN_IDENTITY[sdk=iphoneos*]" = "iPhone Developer";
				COPY_PHASE_STRIP = NO;
				GCC_C_LANGUAGE_STANDARD = gnu99;
				GCC_DYNAMIC_NO_PIC = NO;
				GCC_OPTIMIZATION_LEVEL = 0;
				GCC_PREPROCESSOR_DEFINITIONS = (
					"DEBUG=1",
					"$(inherited)",
				);
				GCC_SYMBOLS_PRIVATE_EXTERN = NO;
				GCC_WARN_64_TO_32_BIT_CONVERSION = YES;
				GCC_WARN_ABOUT_RETURN_TYPE = YES_ERROR;
				GCC_WARN_UNDECLARED_SELECTOR = YES;
				GCC_WARN_UNINITIALIZED_AUTOS = YES;
				GCC_WARN_UNUSED_FUNCTION = YES;
				GCC_WARN_UNUSED_VARIABLE = YES;
				IPHONEOS_DEPLOYMENT_TARGET = 7.0;
				ONLY_ACTIVE_ARCH = YES;
				SDKROOT = iphoneos;
			};
			name = Debug;
		};
		18ECA85017FCB16D00C930FE /* Release */ = {
			isa = XCBuildConfiguration;
			buildSettings = {
				ALWAYS_SEARCH_USER_PATHS = NO;
				ARCHS = "$(ARCHS_STANDARD_INCLUDING_64_BIT)";
				CLANG_CXX_LANGUAGE_STANDARD = "gnu++0x";
				CLANG_CXX_LIBRARY = "libc++";
				CLANG_ENABLE_MODULES = YES;
				CLANG_ENABLE_OBJC_ARC = YES;
				CLANG_WARN_BOOL_CONVERSION = YES;
				CLANG_WARN_CONSTANT_CONVERSION = YES;
				CLANG_WARN_DIRECT_OBJC_ISA_USAGE = YES_ERROR;
				CLANG_WARN_EMPTY_BODY = YES;
				CLANG_WARN_ENUM_CONVERSION = YES;
				CLANG_WARN_INT_CONVERSION = YES;
				CLANG_WARN_OBJC_ROOT_CLASS = YES_ERROR;
				CLANG_WARN__DUPLICATE_METHOD_MATCH = YES;
				"CODE_SIGN_IDENTITY[sdk=iphoneos*]" = "iPhone Developer";
				COPY_PHASE_STRIP = YES;
				ENABLE_NS_ASSERTIONS = NO;
				GCC_C_LANGUAGE_STANDARD = gnu99;
				GCC_WARN_64_TO_32_BIT_CONVERSION = YES;
				GCC_WARN_ABOUT_RETURN_TYPE = YES_ERROR;
				GCC_WARN_UNDECLARED_SELECTOR = YES;
				GCC_WARN_UNINITIALIZED_AUTOS = YES;
				GCC_WARN_UNUSED_FUNCTION = YES;
				GCC_WARN_UNUSED_VARIABLE = YES;
				IPHONEOS_DEPLOYMENT_TARGET = 7.0;
				SDKROOT = iphoneos;
				VALIDATE_PRODUCT = YES;
			};
			name = Release;
		};
		18ECA85217FCB16D00C930FE /* Debug */ = {
			isa = XCBuildConfiguration;
			baseConfigurationReference = AC5BC34864C04657A83DC151 /* Pods.xcconfig */;
			buildSettings = {
				ASSETCATALOG_COMPILER_APPICON_NAME = AppIcon;
				ASSETCATALOG_COMPILER_LAUNCHIMAGE_NAME = LaunchImage;
				CODE_SIGN_IDENTITY = "iPhone Developer: Chandrahasan Vantaku (ACN79PCC2Y)";
				GCC_PRECOMPILE_PREFIX_HEADER = YES;
				GCC_PREFIX_HEADER = "$(SRCROOT)/Satakams/SupportingFiles//Satakams-Prefix.pch";
				INFOPLIST_FILE = "$(SRCROOT)/Satakams/SupportingFiles/Satakams-Info.plist";
				IPHONEOS_DEPLOYMENT_TARGET = 7.0;
				PRODUCT_NAME = "$(TARGET_NAME)";
				PROVISIONING_PROFILE = "C5EE6304-502F-4185-8C5C-4E74BE2A56A0";
				TARGETED_DEVICE_FAMILY = 1;
				WRAPPER_EXTENSION = app;
			};
			name = Debug;
		};
		18ECA85317FCB16D00C930FE /* Release */ = {
			isa = XCBuildConfiguration;
			baseConfigurationReference = AC5BC34864C04657A83DC151 /* Pods.xcconfig */;
			buildSettings = {
				ASSETCATALOG_COMPILER_APPICON_NAME = AppIcon;
				ASSETCATALOG_COMPILER_LAUNCHIMAGE_NAME = LaunchImage;
				CODE_SIGN_IDENTITY = "iPhone Developer: Chandrahasan Vantaku (ACN79PCC2Y)";
				GCC_PRECOMPILE_PREFIX_HEADER = YES;
				GCC_PREFIX_HEADER = "$(SRCROOT)/Satakams/SupportingFiles//Satakams-Prefix.pch";
				INFOPLIST_FILE = "$(SRCROOT)/Satakams/SupportingFiles/Satakams-Info.plist";
				IPHONEOS_DEPLOYMENT_TARGET = 7.0;
				PRODUCT_NAME = "$(TARGET_NAME)";
				PROVISIONING_PROFILE = "C5EE6304-502F-4185-8C5C-4E74BE2A56A0";
				TARGETED_DEVICE_FAMILY = 1;
				WRAPPER_EXTENSION = app;
			};
			name = Release;
		};
		18ECA85517FCB16D00C930FE /* Debug */ = {
			isa = XCBuildConfiguration;
			buildSettings = {
				ARCHS = "$(ARCHS_STANDARD_INCLUDING_64_BIT)";
				BUNDLE_LOADER = "$(BUILT_PRODUCTS_DIR)/Satakams.app/Satakams";
				FRAMEWORK_SEARCH_PATHS = (
					"$(SDKROOT)/Developer/Library/Frameworks",
					"$(inherited)",
					"$(DEVELOPER_FRAMEWORKS_DIR)",
				);
				GCC_PRECOMPILE_PREFIX_HEADER = YES;
				GCC_PREFIX_HEADER = "Satakams/Satakams-Prefix.pch";
				GCC_PREPROCESSOR_DEFINITIONS = (
					"DEBUG=1",
					"$(inherited)",
				);
				INFOPLIST_FILE = "SatakamsTests/SatakamsTests-Info.plist";
				PRODUCT_NAME = "$(TARGET_NAME)";
				TEST_HOST = "$(BUNDLE_LOADER)";
				WRAPPER_EXTENSION = xctest;
			};
			name = Debug;
		};
		18ECA85617FCB16D00C930FE /* Release */ = {
			isa = XCBuildConfiguration;
			buildSettings = {
				ARCHS = "$(ARCHS_STANDARD_INCLUDING_64_BIT)";
				BUNDLE_LOADER = "$(BUILT_PRODUCTS_DIR)/Satakams.app/Satakams";
				FRAMEWORK_SEARCH_PATHS = (
					"$(SDKROOT)/Developer/Library/Frameworks",
					"$(inherited)",
					"$(DEVELOPER_FRAMEWORKS_DIR)",
				);
				GCC_PRECOMPILE_PREFIX_HEADER = YES;
				GCC_PREFIX_HEADER = "Satakams/Satakams-Prefix.pch";
				INFOPLIST_FILE = "SatakamsTests/SatakamsTests-Info.plist";
				PRODUCT_NAME = "$(TARGET_NAME)";
				TEST_HOST = "$(BUNDLE_LOADER)";
				WRAPPER_EXTENSION = xctest;
			};
			name = Release;
		};
/* End XCBuildConfiguration section */

/* Begin XCConfigurationList section */
		18ECA81A17FCB16D00C930FE /* Build configuration list for PBXProject "Satakams" */ = {
			isa = XCConfigurationList;
			buildConfigurations = (
				18ECA84F17FCB16D00C930FE /* Debug */,
				18ECA85017FCB16D00C930FE /* Release */,
			);
			defaultConfigurationIsVisible = 0;
			defaultConfigurationName = Release;
		};
		18ECA85117FCB16D00C930FE /* Build configuration list for PBXNativeTarget "Satakams" */ = {
			isa = XCConfigurationList;
			buildConfigurations = (
				18ECA85217FCB16D00C930FE /* Debug */,
				18ECA85317FCB16D00C930FE /* Release */,
			);
			defaultConfigurationIsVisible = 0;
			defaultConfigurationName = Release;
		};
		18ECA85417FCB16D00C930FE /* Build configuration list for PBXNativeTarget "SatakamsTests" */ = {
			isa = XCConfigurationList;
			buildConfigurations = (
				18ECA85517FCB16D00C930FE /* Debug */,
				18ECA85617FCB16D00C930FE /* Release */,
			);
			defaultConfigurationIsVisible = 0;
			defaultConfigurationName = Release;
		};
/* End XCConfigurationList section */
	};
	rootObject = 18ECA81717FCB16D00C930FE /* Project object */;
}
